# THIS IS AN AUTOGENERATED FILE. DO NOT EDIT THIS FILE DIRECTLY.
# yarn lockfile v1


"@walletpass/pass-js@^6.9.1":
  version "6.9.1"
  resolved "https://artifactory.g.devqa.gcp.dev.paypalinc.com/artifactory/api/npm/npm-all/@walletpass/pass-js/-/pass-js-6.9.1.tgz#fabd0c59910445281dad2cd69700d64791fd7bb2"
  integrity sha1-+r0MWZEERSgdrSzWlwDWR5H9e7I=
  dependencies:
    buffer-crc32 "0.2.13"
    color-name "1.1.4"
    do-not-zip "1.0.0"
    event-iterator "1.2.0"
    imagesize "1.0.0"
    node-forge "0.9.1"
    strip-json-comments "3.1.0"
    yauzl "2.10.0"

buffer-crc32@0.2.13, buffer-crc32@~0.2.3:
  version "0.2.13"
  resolved "https://artifactory.g.devqa.gcp.dev.paypalinc.com/artifactory/api/npm/npm-all/buffer-crc32/-/buffer-crc32-0.2.13.tgz#0d333e3f00eac50aa1454abd30ef8c2a5d9a7242"
  integrity sha1-DTM+PwDqxQqhRUq9MO+MKl2ackI=

color-name@1.1.4:
  version "1.1.4"
  resolved "https://artifactory.g.devqa.gcp.dev.paypalinc.com/artifactory/api/npm/npm-all/color-name/-/color-name-1.1.4.tgz#c2a09a87acbde69543de6f63fa3995c826c536a2"
  integrity sha1-wqCah6y95pVD3m9j+jmVyCbFNqI=

do-not-zip@1.0.0:
  version "1.0.0"
  resolved "https://artifactory.g.devqa.gcp.dev.paypalinc.com/artifactory/api/npm/npm-all/do-not-zip/-/do-not-zip-1.0.0.tgz#cdced6c6352664ecb368f9fe7a15e1cb40c50c42"
  integrity sha1-zc7WxjUmZOyzaPn+ehXhy0DFDEI=

event-iterator@1.2.0:
  version "1.2.0"
  resolved "https://artifactory.g.devqa.gcp.dev.paypalinc.com/artifactory/api/npm/npm-all/event-iterator/-/event-iterator-1.2.0.tgz#2e71dc6ca56f1cf8ebcb2b9be7fdfd10acabbb76"
  integrity sha1-LnHcbKVvHPjryyub5/39EKyru3Y=

fd-slicer@~1.1.0:
  version "1.1.0"
  resolved "https://artifactory.g.devqa.gcp.dev.paypalinc.com/artifactory/api/npm/npm-all/fd-slicer/-/fd-slicer-1.1.0.tgz#25c7c89cb1f9077f8891bbe61d8f390eae256f1e"
  integrity sha1-JcfInLH5B3+IkbvmHY85Dq4lbx4=
  dependencies:
    pend "~1.2.0"

imagesize@1.0.0:
  version "1.0.0"
  resolved "https://artifactory.g.devqa.gcp.dev.paypalinc.com/artifactory/api/npm/npm-all/imagesize/-/imagesize-1.0.0.tgz#db161d15bf182a36d56e19abad10793c32c34c30"
  integrity sha1-2xYdFb8YKjbVbhmrrRB5PDLDTDA=

node-forge@0.9.1:
  version "0.9.1"
  resolved "https://artifactory.g.devqa.gcp.dev.paypalinc.com/artifactory/api/npm/npm-all/node-forge/-/node-forge-0.9.1.tgz#775368e6846558ab6676858a4d8c6e8d16c677b5"
  integrity sha1-d1No5oRlWKtmdoWKTYxujRbGd7U=

pend@~1.2.0:
  version "1.2.0"
  resolved "https://artifactory.g.devqa.gcp.dev.paypalinc.com/artifactory/api/npm/npm-all/pend/-/pend-1.2.0.tgz#7a57eb550a6783f9115331fcf4663d5c8e007a50"
  integrity sha1-elfrVQpng/kRUzH89GY9XI4AelA=

strip-json-comments@3.1.0:
  version "3.1.0"
  resolved "https://artifactory.g.devqa.gcp.dev.paypalinc.com/artifactory/api/npm/npm-all/strip-json-comments/-/strip-json-comments-3.1.0.tgz#7638d31422129ecf4457440009fba03f9f9ac180"
  integrity sha1-djjTFCISns9EV0QACfugP5+awYA=

yauzl@2.10.0:
  version "2.10.0"
  resolved "https://artifactory.g.devqa.gcp.dev.paypalinc.com/artifactory/api/npm/npm-all/yauzl/-/yauzl-2.10.0.tgz#c7eb17c93e112cb1086fa6d8e51fb0667b79a5f9"
  integrity sha1-x+sXyT4RLLEIb6bY5R+wZnt5pfk=
  dependencies:
    buffer-crc32 "~0.2.3"
    fd-slicer "~1.1.0"
